
Microsoft Visual Studio Solution File, Format Version 12.00
# Visual Studio Version 17
VisualStudioVersion = 17.8.34322.80
MinimumVisualStudioVersion = 10.0.40219.1
Project("{FAE04EC0-301F-11D3-BF4B-00C04F79EFBC}") = "GiveMeSomeMoney", "GiveMeSomeMoney\GiveMeSomeMoney.csproj", "{0FF2FCAA-EAA8-4DE2-ADA1-D443D1DF1D30}"
EndProject
Global
	GlobalSection(SolutionConfigurationPlatforms) = preSolution
		Debug|Any CPU = Debug|Any CPU
		Release|Any CPU = Release|Any CPU
	EndGlobalSection
	GlobalSection(ProjectConfigurationPlatforms) = postSolution
		{0FF2FCAA-EAA8-4DE2-ADA1-D443D1DF1D30}.Debug|Any CPU.ActiveCfg = Debug|Any CPU
		{0FF2FCAA-EAA8-4DE2-ADA1-D443D1DF1D30}.Debug|Any CPU.Build.0 = Debug|Any CPU
		{0FF2FCAA-EAA8-4DE2-ADA1-D443D1DF1D30}.Release|Any CPU.ActiveCfg = Release|Any CPU
		{0FF2FCAA-EAA8-4DE2-ADA1-D443D1DF1D30}.Release|Any CPU.Build.0 = Release|Any CPU
	EndGlobalSection
	GlobalSection(SolutionProperties) = preSolution
		HideSolutionNode = FALSE
	EndGlobalSection
	GlobalSection(ExtensibilityGlobals) = postSolution
		SolutionGuid = {2C84ABE3-51BE-4B98-A5C1-02B54FC890AB}
	EndGlobalSection
EndGlobal
